# This file is autogenerated, do not edit; changes may be undone by the next 'dep ensure'.


[[projects]]
  name = "github.com/Sirupsen/logrus"
  packages = ["."]
  revision = "418b41d23a1bf978c06faea5313ba194650ac088"

[[projects]]
  name = "github.com/drone/drone-go"
  packages = ["drone"]
  revision = "e34150a175e665a5fa94218fc7ab9986a0bd7732"

[[projects]]
  branch = "master"
  name = "github.com/golang/protobuf"
  packages = ["proto"]
  revision = "1e59b77b52bf8e4b449a57e6f79f21226d571845"

[[projects]]
  name = "github.com/joho/godotenv"
  packages = ["."]
  revision = "4ed13390c0acd2ff4e371e64d8b97c8954138243"

[[projects]]
  name = "github.com/urfave/cli"
  packages = ["."]
  revision = "d9021faab69f92295ef7061bd39e4a76dcbdef32"

[[projects]]
  branch = "master"
  name = "golang.org/x/net"
  packages = ["context","context/ctxhttp"]
  revision = "9dfe39835686865bff950a07b394c12a98ddc811"

[[projects]]
  branch = "master"
  name = "golang.org/x/oauth2"
  packages = [".","internal"]
  revision = "f95fa95eaa936d9d87489b15d1d18b97c1ba9c28"

[[projects]]
  name = "google.golang.org/appengine"
  packages = ["internal","internal/base","internal/datastore","internal/log","internal/remote_api","internal/urlfetch","urlfetch"]
  revision = "150dc57a1b433e64154302bdc40b6bb8aefa313a"
  version = "v1.0.0"

[solve-meta]
  analyzer-name = "dep"
  analyzer-version = 1
  inputs-digest = "587cdcdf956874b1f305413c746a29ecd4a5d4e4fb3511b8d4ab2102d62992f3"
  solver-name = "gps-cdcl"
  solver-version = 1
